// !$*UTF8*$!
{
	archiveVersion = 1;
	classes = {
	};
	objectVersion = 77;
	objects = {

/* Begin PBXContainerItemProxy section */
		244E74542E70BB9500B78709 /* PBXContainerItemProxy */ = {
			isa = PBXContainerItemProxy;
			containerPortal = 244E743E2E70BB9400B78709 /* Project object */;
			proxyType = 1;
			remoteGlobalIDString = 244E74452E70BB9400B78709;
			remoteInfo = MenuBarLiveActivityRebuild;
		};
		244E745E2E70BB9600B78709 /* PBXContainerItemProxy */ = {
			isa = PBXContainerItemProxy;
			containerPortal = 244E743E2E70BB9400B78709 /* Project object */;
			proxyType = 1;
			remoteGlobalIDString = 244E74452E70BB9400B78709;
			remoteInfo = MenuBarLiveActivityRebuild;
		};
/* End PBXContainerItemProxy section */

/* Begin PBXFileReference section */
		244E74462E70BB9400B78709 /* MenuBarLiveActivityRebuild.app */ = {isa = PBXFileReference; explicitFileType = wrapper.application; includeInIndex = 0; path = MenuBarLiveActivityRebuild.app; sourceTree = BUILT_PRODUCTS_DIR; };
		244E74532E70BB9500B78709 /* MenuBarLiveActivityRebuildTests.xctest */ = {isa = PBXFileReference; explicitFileType = wrapper.cfbundle; includeInIndex = 0; path = MenuBarLiveActivityRebuildTests.xctest; sourceTree = BUILT_PRODUCTS_DIR; };
		244E745D2E70BB9600B78709 /* MenuBarLiveActivityRebuildUITests.xctest */ = {isa = PBXFileReference; explicitFileType = wrapper.cfbundle; includeInIndex = 0; path = MenuBarLiveActivityRebuildUITests.xctest; sourceTree = BUILT_PRODUCTS_DIR; };
/* End PBXFileReference section */

/* Begin PBXFileSystemSynchronizedRootGroup section */
		244E74482E70BB9400B78709 /* MenuBarLiveActivityRebuild */ = {
			isa = PBXFileSystemSynchronizedRootGroup;
			path = MenuBarLiveActivityRebuild;
			sourceTree = "<group>";
		};
		244E74562E70BB9500B78709 /* MenuBarLiveActivityRebuildTests */ = {
			isa = PBXFileSystemSynchronizedRootGroup;
			path = MenuBarLiveActivityRebuildTests;
			sourceTree = "<group>";
		};
		244E74602E70BB9600B78709 /* MenuBarLiveActivityRebuildUITests */ = {
			isa = PBXFileSystemSynchronizedRootGroup;
			path = MenuBarLiveActivityRebuildUITests;
			sourceTree = "<group>";
		};
/* End PBXFileSystemSynchronizedRootGroup section */

/* Begin PBXFrameworksBuildPhase section */
		244E74432E70BB9400B78709 /* Frameworks */ = {
			isa = PBXFrameworksBuildPhase;
			buildActionMask = 2147483647;
			files = (
			);
			runOnlyForDeploymentPostprocessing = 0;
		};
		244E74502E70BB9500B78709 /* Frameworks */ = {
			isa = PBXFrameworksBuildPhase;
			buildActionMask = 2147483647;
			files = (
			);
			runOnlyForDeploymentPostprocessing = 0;
		};
		244E745A2E70BB9600B78709 /* Frameworks */ = {
			isa = PBXFrameworksBuildPhase;
			buildActionMask = 2147483647;
			files = (
			);
			runOnlyForDeploymentPostprocessing = 0;
		};
/* End PBXFrameworksBuildPhase section */

/* Begin PBXGroup section */
		244E743D2E70BB9400B78709 = {
			isa = PBXGroup;
			children = (
				244E74482E70BB9400B78709 /* MenuBarLiveActivityRebuild */,
				244E74562E70BB9500B78709 /* MenuBarLiveActivityRebuildTests */,
				244E74602E70BB9600B78709 /* MenuBarLiveActivityRebuildUITests */,
				244E74472E70BB9400B78709 /* Products */,
			);
			sourceTree = "<group>";
		};
		244E74472E70BB9400B78709 /* Products */ = {
			isa = PBXGroup;
			children = (
				244E74462E70BB9400B78709 /* MenuBarLiveActivityRebuild.app */,
				244E74532E70BB9500B78709 /* MenuBarLiveActivityRebuildTests.xctest */,
				244E745D2E70BB9600B78709 /* MenuBarLiveActivityRebuildUITests.xctest */,
			);
			name = Products;
			sourceTree = "<group>";
		};
/* End PBXGroup section */

/* Begin PBXNativeTarget section */
		244E74452E70BB9400B78709 /* MenuBarLiveActivityRebuild */ = {
			isa = PBXNativeTarget;
			buildConfigurationList = 244E74672E70BB9600B78709 /* Build configuration list for PBXNativeTarget "MenuBarLiveActivityRebuild" */;
			buildPhases = (
				244E74422E70BB9400B78709 /* Sources */,
				244E74432E70BB9400B78709 /* Frameworks */,
				244E74442E70BB9400B78709 /* Resources */,
			);
			buildRules = (
			);
			dependencies = (
			);
			fileSystemSynchronizedGroups = (
				244E74482E70BB9400B78709 /* MenuBarLiveActivityRebuild */,
			);
			name = MenuBarLiveActivityRebuild;
			packageProductDependencies = (
			);
			productName = MenuBarLiveActivityRebuild;
			productReference = 244E74462E70BB9400B78709 /* MenuBarLiveActivityRebuild.app */;
			productType = "com.apple.product-type.application";
		};
		244E74522E70BB9500B78709 /* MenuBarLiveActivityRebuildTests */ = {
			isa = PBXNativeTarget;
			buildConfigurationList = 244E746A2E70BB9600B78709 /* Build configuration list for PBXNativeTarget "MenuBarLiveActivityRebuildTests" */;
			buildPhases = (
				244E744F2E70BB9500B78709 /* Sources */,
				244E74502E70BB9500B78709 /* Frameworks */,
				244E74512E70BB9500B78709 /* Resources */,
			);
			buildRules = (
			);
			dependencies = (
				244E74552E70BB9500B78709 /* PBXTargetDependency */,
			);
			fileSystemSynchronizedGroups = (
				244E74562E70BB9500B78709 /* MenuBarLiveActivityRebuildTests */,
			);
			name = MenuBarLiveActivityRebuildTests;
			packageProductDependencies = (
			);
			productName = MenuBarLiveActivityRebuildTests;
			productReference = 244E74532E70BB9500B78709 /* MenuBarLiveActivityRebuildTests.xctest */;
			productType = "com.apple.product-type.bundle.unit-test";
		};
		244E745C2E70BB9600B78709 /* MenuBarLiveActivityRebuildUITests */ = {
			isa = PBXNativeTarget;
			buildConfigurationList = 244E746D2E70BB9600B78709 /* Build configuration list for PBXNativeTarget "MenuBarLiveActivityRebuildUITests" */;
			buildPhases = (
				244E74592E70BB9600B78709 /* Sources */,
				244E745A2E70BB9600B78709 /* Frameworks */,
				244E745B2E70BB9600B78709 /* Resources */,
			);
			buildRules = (
			);
			dependencies = (
				244E745F2E70BB9600B78709 /* PBXTargetDependency */,
			);
			fileSystemSynchronizedGroups = (
				244E74602E70BB9600B78709 /* MenuBarLiveActivityRebuildUITests */,
			);
			name = MenuBarLiveActivityRebuildUITests;
			packageProductDependencies = (
			);
			productName = MenuBarLiveActivityRebuildUITests;
			productReference = 244E745D2E70BB9600B78709 /* MenuBarLiveActivityRebuildUITests.xctest */;
			productType = "com.apple.product-type.bundle.ui-testing";
		};
/* End PBXNativeTarget section */

/* Begin PBXProject section */
		244E743E2E70BB9400B78709 /* Project object */ = {
			isa = PBXProject;
			attributes = {
				BuildIndependentTargetsInParallel = 1;
				LastSwiftUpdateCheck = 2600;
				LastUpgradeCheck = 2600;
				TargetAttributes = {
					244E74452E70BB9400B78709 = {
						CreatedOnToolsVersion = 26.0;
					};
					244E74522E70BB9500B78709 = {
						CreatedOnToolsVersion = 26.0;
						TestTargetID = 244E74452E70BB9400B78709;
					};
					244E745C2E70BB9600B78709 = {
						CreatedOnToolsVersion = 26.0;
						TestTargetID = 244E74452E70BB9400B78709;
					};
				};
			};
			buildConfigurationList = 244E74412E70BB9400B78709 /* Build configuration list for PBXProject "MenuBarLiveActivityRebuild" */;
			developmentRegion = en;
			hasScannedForEncodings = 0;
			knownRegions = (
				en,
				Base,
			);
			mainGroup = 244E743D2E70BB9400B78709;
			minimizedProjectReferenceProxies = 1;
			preferredProjectObjectVersion = 77;
			productRefGroup = 244E74472E70BB9400B78709 /* Products */;
			projectDirPath = "";
			projectRoot = "";
			targets = (
				244E74452E70BB9400B78709 /* MenuBarLiveActivityRebuild */,
				244E74522E70BB9500B78709 /* MenuBarLiveActivityRebuildTests */,
				244E745C2E70BB9600B78709 /* MenuBarLiveActivityRebuildUITests */,
			);
		};
/* End PBXProject section */

/* Begin PBXResourcesBuildPhase section */
		244E74442E70BB9400B78709 /* Resources */ = {
			isa = PBXResourcesBuildPhase;
			buildActionMask = 2147483647;
			files = (
			);
			runOnlyForDeploymentPostprocessing = 0;
		};
		244E74512E70BB9500B78709 /* Resources */ = {
			isa = PBXResourcesBuildPhase;
			buildActionMask = 2147483647;
			files = (
			);
			runOnlyForDeploymentPostprocessing = 0;
		};
		244E745B2E70BB9600B78709 /* Resources */ = {
			isa = PBXResourcesBuildPhase;
			buildActionMask = 2147483647;
			files = (
			);
			runOnlyForDeploymentPostprocessing = 0;
		};
/* End PBXResourcesBuildPhase section */

/* Begin PBXSourcesBuildPhase section */
		244E74422E70BB9400B78709 /* Sources */ = {
			isa = PBXSourcesBuildPhase;
			buildActionMask = 2147483647;
			files = (
			);
			runOnlyForDeploymentPostprocessing = 0;
		};
		244E744F2E70BB9500B78709 /* Sources */ = {
			isa = PBXSourcesBuildPhase;
			buildActionMask = 2147483647;
			files = (
			);
			runOnlyForDeploymentPostprocessing = 0;
		};
		244E74592E70BB9600B78709 /* Sources */ = {
			isa = PBXSourcesBuildPhase;
			buildActionMask = 2147483647;
			files = (
			);
			runOnlyForDeploymentPostprocessing = 0;
		};
/* End PBXSourcesBuildPhase section */

/* Begin PBXTargetDependency section */
		244E74552E70BB9500B78709 /* PBXTargetDependency */ = {
			isa = PBXTargetDependency;
			target = 244E74452E70BB9400B78709 /* MenuBarLiveActivityRebuild */;
			targetProxy = 244E74542E70BB9500B78709 /* PBXContainerItemProxy */;
		};
		244E745F2E70BB9600B78709 /* PBXTargetDependency */ = {
			isa = PBXTargetDependency;
			target = 244E74452E70BB9400B78709 /* MenuBarLiveActivityRebuild */;
			targetProxy = 244E745E2E70BB9600B78709 /* PBXContainerItemProxy */;
		};
/* End PBXTargetDependency section */

/* Begin XCBuildConfiguration section */
		244E74652E70BB9600B78709 /* Debug */ = {
			isa = XCBuildConfiguration;
			buildSettings = {
				ALWAYS_SEARCH_USER_PATHS = NO;
				ASSETCATALOG_COMPILER_GENERATE_SWIFT_ASSET_SYMBOL_EXTENSIONS = YES;
				CLANG_ANALYZER_NONNULL = YES;
				CLANG_ANALYZER_NUMBER_OBJECT_CONVERSION = YES_AGGRESSIVE;
				CLANG_CXX_LANGUAGE_STANDARD = "gnu++20";
				CLANG_ENABLE_MODULES = YES;
				CLANG_ENABLE_OBJC_ARC = YES;
				CLANG_ENABLE_OBJC_WEAK = YES;
				CLANG_WARN_BLOCK_CAPTURE_AUTORELEASING = YES;
				CLANG_WARN_BOOL_CONVERSION = YES;
				CLANG_WARN_COMMA = YES;
				CLANG_WARN_CONSTANT_CONVERSION = YES;
				CLANG_WARN_DEPRECATED_OBJC_IMPLEMENTATIONS = YES;
				CLANG_WARN_DIRECT_OBJC_ISA_USAGE = YES_ERROR;
				CLANG_WARN_DOCUMENTATION_COMMENTS = YES;
				CLANG_WARN_EMPTY_BODY = YES;
				CLANG_WARN_ENUM_CONVERSION = YES;
				CLANG_WARN_INFINITE_RECURSION = YES;
				CLANG_WARN_INT_CONVERSION = YES;
				CLANG_WARN_NON_LITERAL_NULL_CONVERSION = YES;
				CLANG_WARN_OBJC_IMPLICIT_RETAIN_SELF = YES;
				CLANG_WARN_OBJC_LITERAL_CONVERSION = YES;
				CLANG_WARN_OBJC_ROOT_CLASS = YES_ERROR;
				CLANG_WARN_QUOTED_INCLUDE_IN_FRAMEWORK_HEADER = YES;
				CLANG_WARN_RANGE_LOOP_ANALYSIS = YES;
				CLANG_WARN_STRICT_PROTOTYPES = YES;
				CLANG_WARN_SUSPICIOUS_MOVE = YES;
				CLANG_WARN_UNGUARDED_AVAILABILITY = YES_AGGRESSIVE;
				CLANG_WARN_UNREACHABLE_CODE = YES;
				CLANG_WARN__DUPLICATE_METHOD_MATCH = YES;
				COPY_PHASE_STRIP = NO;
				DEBUG_INFORMATION_FORMAT = dwarf;
				DEVELOPMENT_TEAM = 8S2RY9PW6P;
				ENABLE_STRICT_OBJC_MSGSEND = YES;
				ENABLE_TESTABILITY = YES;
				ENABLE_USER_SCRIPT_SANDBOXING = YES;
				GCC_C_LANGUAGE_STANDARD = gnu17;
				GCC_DYNAMIC_NO_PIC = NO;
				GCC_NO_COMMON_BLOCKS = YES;
				GCC_OPTIMIZATION_LEVEL = 0;
				GCC_PREPROCESSOR_DEFINITIONS = (
					"DEBUG=1",
					"$(inherited)",
				);
				GCC_WARN_64_TO_32_BIT_CONVERSION = YES;
				GCC_WARN_ABOUT_RETURN_TYPE = YES_ERROR;
				GCC_WARN_UNDECLARED_SELECTOR = YES;
				GCC_WARN_UNINITIALIZED_AUTOS = YES_AGGRESSIVE;
				GCC_WARN_UNUSED_FUNCTION = YES;
				GCC_WARN_UNUSED_VARIABLE = YES;
				LOCALIZATION_PREFERS_STRING_CATALOGS = YES;
				MACOSX_DEPLOYMENT_TARGET = 26.0;
				MTL_ENABLE_DEBUG_INFO = INCLUDE_SOURCE;
				MTL_FAST_MATH = YES;
				ONLY_ACTIVE_ARCH = YES;
				SDKROOT = macosx;
				SWIFT_ACTIVE_COMPILATION_CONDITIONS = "DEBUG $(inherited)";
				SWIFT_OPTIMIZATION_LEVEL = "-Onone";
			};
			name = Debug;
		};
		244E74662E70BB9600B78709 /* Release */ = {
			isa = XCBuildConfiguration;
			buildSettings = {
				ALWAYS_SEARCH_USER_PATHS = NO;
				ASSETCATALOG_COMPILER_GENERATE_SWIFT_ASSET_SYMBOL_EXTENSIONS = YES;
				CLANG_ANALYZER_NONNULL = YES;
				CLANG_ANALYZER_NUMBER_OBJECT_CONVERSION = YES_AGGRESSIVE;
				CLANG_CXX_LANGUAGE_STANDARD = "gnu++20";
				CLANG_ENABLE_MODULES = YES;
				CLANG_ENABLE_OBJC_ARC = YES;
				CLANG_ENABLE_OBJC_WEAK = YES;
				CLANG_WARN_BLOCK_CAPTURE_AUTORELEASING = YES;
				CLANG_WARN_BOOL_CONVERSION = YES;
				CLANG_WARN_COMMA = YES;
				CLANG_WARN_CONSTANT_CONVERSION = YES;
				CLANG_WARN_DEPRECATED_OBJC_IMPLEMENTATIONS = YES;
				CLANG_WARN_DIRECT_OBJC_ISA_USAGE = YES_ERROR;
				CLANG_WARN_DOCUMENTATION_COMMENTS = YES;
				CLANG_WARN_EMPTY_BODY = YES;
				CLANG_WARN_ENUM_CONVERSION = YES;
				CLANG_WARN_INFINITE_RECURSION = YES;
				CLANG_WARN_INT_CONVERSION = YES;
				CLANG_WARN_NON_LITERAL_NULL_CONVERSION = YES;
				CLANG_WARN_OBJC_IMPLICIT_RETAIN_SELF = YES;
				CLANG_WARN_OBJC_LITERAL_CONVERSION = YES;
				CLANG_WARN_OBJC_ROOT_CLASS = YES_ERROR;
				CLANG_WARN_QUOTED_INCLUDE_IN_FRAMEWORK_HEADER = YES;
				CLANG_WARN_RANGE_LOOP_ANALYSIS = YES;
				CLANG_WARN_STRICT_PROTOTYPES = YES;
				CLANG_WARN_SUSPICIOUS_MOVE = YES;
				CLANG_WARN_UNGUARDED_AVAILABILITY = YES_AGGRESSIVE;
				CLANG_WARN_UNREACHABLE_CODE = YES;
				CLANG_WARN__DUPLICATE_METHOD_MATCH = YES;
				COPY_PHASE_STRIP = NO;
				DEBUG_INFORMATION_FORMAT = "dwarf-with-dsym";
				DEVELOPMENT_TEAM = 8S2RY9PW6P;
				ENABLE_NS_ASSERTIONS = NO;
				ENABLE_STRICT_OBJC_MSGSEND = YES;
				ENABLE_USER_SCRIPT_SANDBOXING = YES;
				GCC_C_LANGUAGE_STANDARD = gnu17;
				GCC_NO_COMMON_BLOCKS = YES;
				GCC_WARN_64_TO_32_BIT_CONVERSION = YES;
				GCC_WARN_ABOUT_RETURN_TYPE = YES_ERROR;
				GCC_WARN_UNDECLARED_SELECTOR = YES;
				GCC_WARN_UNINITIALIZED_AUTOS = YES_AGGRESSIVE;
				GCC_WARN_UNUSED_FUNCTION = YES;
				GCC_WARN_UNUSED_VARIABLE = YES;
				LOCALIZATION_PREFERS_STRING_CATALOGS = YES;
				MACOSX_DEPLOYMENT_TARGET = 26.0;
				MTL_ENABLE_DEBUG_INFO = NO;
				MTL_FAST_MATH = YES;
				SDKROOT = macosx;
				SWIFT_COMPILATION_MODE = wholemodule;
			};
			name = Release;
		};
		244E74682E70BB9600B78709 /* Debug */ = {
			isa = XCBuildConfiguration;
			buildSettings = {
				ASSETCATALOG_COMPILER_APPICON_NAME = AppIcon;
				ASSETCATALOG_COMPILER_GLOBAL_ACCENT_COLOR_NAME = AccentColor;
				CODE_SIGN_IDENTITY = "Apple Development";
				CODE_SIGN_STYLE = Automatic;
				COMBINE_HIDPI_IMAGES = YES;
				CURRENT_PROJECT_VERSION = 1;
				DEVELOPMENT_TEAM = 8S2RY9PW6P;
				ENABLE_APP_SANDBOX = YES;
				ENABLE_HARDENED_RUNTIME = YES;
				ENABLE_PREVIEWS = YES;
				ENABLE_USER_SELECTED_FILES = readonly;
				GENERATE_INFOPLIST_FILE = YES;
				INFOPLIST_KEY_NSHumanReadableCopyright = "";
				LD_RUNPATH_SEARCH_PATHS = (
					"$(inherited)",
					"@executable_path/../Frameworks",
				);
				MARKETING_VERSION = 1.0;
				PRODUCT_BUNDLE_IDENTIFIER = com.mbuettner.MenuBarLiveActivityRebuild;
				PRODUCT_NAME = "$(TARGET_NAME)";
				PROVISIONING_PROFILE_SPECIFIER = "";
				REGISTER_APP_GROUPS = YES;
				STRING_CATALOG_GENERATE_SYMBOLS = YES;
				SWIFT_APPROACHABLE_CONCURRENCY = YES;
				SWIFT_DEFAULT_ACTOR_ISOLATION = MainActor;
				SWIFT_EMIT_LOC_STRINGS = YES;
				SWIFT_UPCOMING_FEATURE_MEMBER_IMPORT_VISIBILITY = YES;
				SWIFT_VERSION = 5.0;
			};
			name = Debug;
		};
		244E74692E70BB9600B78709 /* Release */ = {
			isa = XCBuildConfiguration;
			buildSettings = {
				ASSETCATALOG_COMPILER_APPICON_NAME = AppIcon;
				ASSETCATALOG_COMPILER_GLOBAL_ACCENT_COLOR_NAME = AccentColor;
				CODE_SIGN_IDENTITY = "Apple Development";
				CODE_SIGN_STYLE = Automatic;
				COMBINE_HIDPI_IMAGES = YES;
				CURRENT_PROJECT_VERSION = 1;
				DEVELOPMENT_TEAM = 8S2RY9PW6P;
				ENABLE_APP_SANDBOX = YES;
				ENABLE_HARDENED_RUNTIME = YES;
				ENABLE_PREVIEWS = YES;
				ENABLE_USER_SELECTED_FILES = readonly;
				GENERATE_INFOPLIST_FILE = YES;
				INFOPLIST_KEY_NSHumanReadableCopyright = "";
				LD_RUNPATH_SEARCH_PATHS = (
					"$(inherited)",
					"@executable_path/../Frameworks",
				);
				MARKETING_VERSION = 1.0;
				PRODUCT_BUNDLE_IDENTIFIER = com.mbuettner.MenuBarLiveActivityRebuild;
				PRODUCT_NAME = "$(TARGET_NAME)";
				PROVISIONING_PROFILE_SPECIFIER = "";
				REGISTER_APP_GROUPS = YES;
				STRING_CATALOG_GENERATE_SYMBOLS = YES;
				SWIFT_APPROACHABLE_CONCURRENCY = YES;
				SWIFT_DEFAULT_ACTOR_ISOLATION = MainActor;
				SWIFT_EMIT_LOC_STRINGS = YES;
				SWIFT_UPCOMING_FEATURE_MEMBER_IMPORT_VISIBILITY = YES;
				SWIFT_VERSION = 5.0;
			};
			name = Release;
		};
		244E746B2E70BB9600B78709 /* Debug */ = {
			isa = XCBuildConfiguration;
			buildSettings = {
				BUNDLE_LOADER = "$(TEST_HOST)";
				CODE_SIGN_STYLE = Automatic;
				CURRENT_PROJECT_VERSION = 1;
				DEVELOPMENT_TEAM = 8S2RY9PW6P;
				GENERATE_INFOPLIST_FILE = YES;
				MACOSX_DEPLOYMENT_TARGET = 26.0;
				MARKETING_VERSION = 1.0;
				PRODUCT_BUNDLE_IDENTIFIER = com.mbuettner.MenuBarLiveActivityRebuildTests;
				PRODUCT_NAME = "$(TARGET_NAME)";
				STRING_CATALOG_GENERATE_SYMBOLS = NO;
				SWIFT_APPROACHABLE_CONCURRENCY = YES;
				SWIFT_EMIT_LOC_STRINGS = NO;
				SWIFT_UPCOMING_FEATURE_MEMBER_IMPORT_VISIBILITY = YES;
				SWIFT_VERSION = 5.0;
				TEST_HOST = "$(BUILT_PRODUCTS_DIR)/MenuBarLiveActivityRebuild.app/$(BUNDLE_EXECUTABLE_FOLDER_PATH)/MenuBarLiveActivityRebuild";
			};
			name = Debug;
		};
		244E746C2E70BB9600B78709 /* Release */ = {
			isa = XCBuildConfiguration;
			buildSettings = {
				BUNDLE_LOADER = "$(TEST_HOST)";
				CODE_SIGN_STYLE = Automatic;
				CURRENT_PROJECT_VERSION = 1;
				DEVELOPMENT_TEAM = 8S2RY9PW6P;
				GENERATE_INFOPLIST_FILE = YES;
				MACOSX_DEPLOYMENT_TARGET = 26.0;
				MARKETING_VERSION = 1.0;
				PRODUCT_BUNDLE_IDENTIFIER = com.mbuettner.MenuBarLiveActivityRebuildTests;
				PRODUCT_NAME = "$(TARGET_NAME)";
				STRING_CATALOG_GENERATE_SYMBOLS = NO;
				SWIFT_APPROACHABLE_CONCURRENCY = YES;
				SWIFT_EMIT_LOC_STRINGS = NO;
				SWIFT_UPCOMING_FEATURE_MEMBER_IMPORT_VISIBILITY = YES;
				SWIFT_VERSION = 5.0;
				TEST_HOST = "$(BUILT_PRODUCTS_DIR)/MenuBarLiveActivityRebuild.app/$(BUNDLE_EXECUTABLE_FOLDER_PATH)/MenuBarLiveActivityRebuild";
			};
			name = Release;
		};
		244E746E2E70BB9600B78709 /* Debug */ = {
			isa = XCBuildConfiguration;
			buildSettings = {
				CODE_SIGN_STYLE = Automatic;
				CURRENT_PROJECT_VERSION = 1;
				DEVELOPMENT_TEAM = 8S2RY9PW6P;
				GENERATE_INFOPLIST_FILE = YES;
				MARKETING_VERSION = 1.0;
				PRODUCT_BUNDLE_IDENTIFIER = com.mbuettner.MenuBarLiveActivityRebuildUITests;
				PRODUCT_NAME = "$(TARGET_NAME)";
				STRING_CATALOG_GENERATE_SYMBOLS = NO;
				SWIFT_APPROACHABLE_CONCURRENCY = YES;
				SWIFT_EMIT_LOC_STRINGS = NO;
				SWIFT_UPCOMING_FEATURE_MEMBER_IMPORT_VISIBILITY = YES;
				SWIFT_VERSION = 5.0;
				TEST_TARGET_NAME = MenuBarLiveActivityRebuild;
			};
			name = Debug;
		};
		244E746F2E70BB9600B78709 /* Release */ = {
			isa = XCBuildConfiguration;
			buildSettings = {
				CODE_SIGN_STYLE = Automatic;
				CURRENT_PROJECT_VERSION = 1;
				DEVELOPMENT_TEAM = 8S2RY9PW6P;
				GENERATE_INFOPLIST_FILE = YES;
				MARKETING_VERSION = 1.0;
				PRODUCT_BUNDLE_IDENTIFIER = com.mbuettner.MenuBarLiveActivityRebuildUITests;
				PRODUCT_NAME = "$(TARGET_NAME)";
				STRING_CATALOG_GENERATE_SYMBOLS = NO;
				SWIFT_APPROACHABLE_CONCURRENCY = YES;
				SWIFT_EMIT_LOC_STRINGS = NO;
				SWIFT_UPCOMING_FEATURE_MEMBER_IMPORT_VISIBILITY = YES;
				SWIFT_VERSION = 5.0;
				TEST_TARGET_NAME = MenuBarLiveActivityRebuild;
			};
			name = Release;
		};
/* End XCBuildConfiguration section */

/* Begin XCConfigurationList section */
		244E74412E70BB9400B78709 /* Build configuration list for PBXProject "MenuBarLiveActivityRebuild" */ = {
			isa = XCConfigurationList;
			buildConfigurations = (
				244E74652E70BB9600B78709 /* Debug */,
				244E74662E70BB9600B78709 /* Release */,
			);
			defaultConfigurationIsVisible = 0;
			defaultConfigurationName = Release;
		};
		244E74672E70BB9600B78709 /* Build configuration list for PBXNativeTarget "MenuBarLiveActivityRebuild" */ = {
			isa = XCConfigurationList;
			buildConfigurations = (
				244E74682E70BB9600B78709 /* Debug */,
				244E74692E70BB9600B78709 /* Release */,
			);
			defaultConfigurationIsVisible = 0;
			defaultConfigurationName = Release;
		};
		244E746A2E70BB9600B78709 /* Build configuration list for PBXNativeTarget "MenuBarLiveActivityRebuildTests" */ = {
			isa = XCConfigurationList;
			buildConfigurations = (
				244E746B2E70BB9600B78709 /* Debug */,
				244E746C2E70BB9600B78709 /* Release */,
			);
			defaultConfigurationIsVisible = 0;
			defaultConfigurationName = Release;
		};
		244E746D2E70BB9600B78709 /* Build configuration list for PBXNativeTarget "MenuBarLiveActivityRebuildUITests" */ = {
			isa = XCConfigurationList;
			buildConfigurations = (
				244E746E2E70BB9600B78709 /* Debug */,
				244E746F2E70BB9600B78709 /* Release */,
			);
			defaultConfigurationIsVisible = 0;
			defaultConfigurationName = Release;
		};
/* End XCConfigurationList section */
	};
	rootObject = 244E743E2E70BB9400B78709 /* Project object */;
}
